
Microsoft Visual Studio Solution File, Format Version 12.00
# Visual Studio 15
VisualStudioVersion = 15.0.26228.4
MinimumVisualStudioVersion = 10.0.40219.1
Project("{FAE04EC0-301F-11D3-BF4B-00C04F79EFBC}") = "AsmHighlighter", "AsmHighlighter\AsmHighlighter.csproj", "{374E6EC1-2ADF-4ACC-93DF-CC84E7B26B34}"
EndProject
Project("{8BC9CEB8-8B4A-11D0-8D11-00A0C91BC942}") = "fasmdll_managed", "fasmdll_managed\fasmdll_managed\fasmdll_managed.vcxproj", "{61D8CF34-1FD7-4A01-BEC1-1A8E8050A9C6}"
EndProject
Global
	GlobalSection(SolutionConfigurationPlatforms) = preSolution
		Debug|Win32 = Debug|Win32
		Release|Win32 = Release|Win32
	EndGlobalSection
	GlobalSection(ProjectConfigurationPlatforms) = postSolution
		{374E6EC1-2ADF-4ACC-93DF-CC84E7B26B34}.Debug|Win32.ActiveCfg = Debug|x86
		{374E6EC1-2ADF-4ACC-93DF-CC84E7B26B34}.Debug|Win32.Build.0 = Debug|x86
		{374E6EC1-2ADF-4ACC-93DF-CC84E7B26B34}.Release|Win32.ActiveCfg = Release|x86
		{374E6EC1-2ADF-4ACC-93DF-CC84E7B26B34}.Release|Win32.Build.0 = Release|x86
		{61D8CF34-1FD7-4A01-BEC1-1A8E8050A9C6}.Debug|Win32.ActiveCfg = Debug|Win32
		{61D8CF34-1FD7-4A01-BEC1-1A8E8050A9C6}.Debug|Win32.Build.0 = Debug|Win32
		{61D8CF34-1FD7-4A01-BEC1-1A8E8050A9C6}.Release|Win32.ActiveCfg = Release|Win32
		{61D8CF34-1FD7-4A01-BEC1-1A8E8050A9C6}.Release|Win32.Build.0 = Release|Win32
	EndGlobalSection
	GlobalSection(SolutionProperties) = preSolution
		HideSolutionNode = FALSE
	EndGlobalSection
EndGlobal
